
Microsoft Visual Studio Solution File, Format Version 12.00
# Visual Studio 15
VisualStudioVersion = 15.0.28010.2050
MinimumVisualStudioVersion = 10.0.40219.1
Project("{FAE04EC0-301F-11D3-BF4B-00C04F79EFBC}") = "HighScoreServer", "HighScoreServer\HighScoreServer.csproj", "{B45FF88E-99CC-4DB4-9443-ED7966FFF6FD}"
EndProject
Global
	GlobalSection(SolutionConfigurationPlatforms) = preSolution
		Debug|Any CPU = Debug|Any CPU
		Release|Any CPU = Release|Any CPU
	EndGlobalSection
	GlobalSection(ProjectConfigurationPlatforms) = postSolution
		{B45FF88E-99CC-4DB4-9443-ED7966FFF6FD}.Debug|Any CPU.ActiveCfg = Debug|Any CPU
		{B45FF88E-99CC-4DB4-9443-ED7966FFF6FD}.Debug|Any CPU.Build.0 = Debug|Any CPU
		{B45FF88E-99CC-4DB4-9443-ED7966FFF6FD}.Release|Any CPU.ActiveCfg = Release|Any CPU
		{B45FF88E-99CC-4DB4-9443-ED7966FFF6FD}.Release|Any CPU.Build.0 = Release|Any CPU
	EndGlobalSection
	GlobalSection(SolutionProperties) = preSolution
		HideSolutionNode = FALSE
	EndGlobalSection
	GlobalSection(ExtensibilityGlobals) = postSolution
		SolutionGuid = {448F2635-5B54-4538-8FA9-0B11E5310A86}
	EndGlobalSection
EndGlobal
